
Microsoft Visual Studio Solution File, Format Version 12.00
# Visual Studio Version 17
VisualStudioVersion = 17.3.32929.385
MinimumVisualStudioVersion = 10.0.40219.1
Project("{FAE04EC0-301F-11D3-BF4B-00C04F79EFBC}") = "oopLab1", "oopLab1.csproj", "{5595D7F5-23B0-4350-BCEB-85E34EC74CB1}"
EndProject
Global
	GlobalSection(SolutionConfigurationPlatforms) = preSolution
		Debug|Any CPU = Debug|Any CPU
		Release|Any CPU = Release|Any CPU
	EndGlobalSection
	GlobalSection(ProjectConfigurationPlatforms) = postSolution
		{5595D7F5-23B0-4350-BCEB-85E34EC74CB1}.Debug|Any CPU.ActiveCfg = Debug|Any CPU
		{5595D7F5-23B0-4350-BCEB-85E34EC74CB1}.Debug|Any CPU.Build.0 = Debug|Any CPU
		{5595D7F5-23B0-4350-BCEB-85E34EC74CB1}.Release|Any CPU.ActiveCfg = Release|Any CPU
		{5595D7F5-23B0-4350-BCEB-85E34EC74CB1}.Release|Any CPU.Build.0 = Release|Any CPU
	EndGlobalSection
	GlobalSection(SolutionProperties) = preSolution
		HideSolutionNode = FALSE
	EndGlobalSection
	GlobalSection(ExtensibilityGlobals) = postSolution
		SolutionGuid = {02D9DD4A-2678-4979-AD7F-1528F92D9343}
	EndGlobalSection
EndGlobal
